github.com/abdullahalwafi/go-say-hello v1.0.0 h1:DMLABDyR+gWYrcXcBKnrnrCQflZLZhKowHwc1fPdiwQ=
github.com/abdullahalwafi/go-say-hello v1.0.0/go.mod h1:kO9cBzRKcFbHDjFtQpH1OREV1mhe20/Pg1FoqKfvV+A=
github.com/abdullahalwafi/go-say-hello v1.1.0 h1:tXftCxh4JJC4RN6em++kP8IIw50nRzY4FSc1H0OdKrY=
github.com/abdullahalwafi/go-say-hello v1.1.0/go.mod h1:kO9cBzRKcFbHDjFtQpH1OREV1mhe20/Pg1FoqKfvV+A=
github.com/abdullahalwafi/go-say-hello/v2 v2.0.0 h1:yM50bb5Nwr5XinIwoik4yy3/wHZJ8tFWMXJ8ETLUkjY=
github.com/abdullahalwafi/go-say-hello/v2 v2.0.0/go.mod h1:bB5p/hpQPOFCHlGpvYnTa8AMLi+6R184h1AVIr5r4Lk=
